
Microsoft Visual Studio Solution File, Format Version 12.00
# Visual Studio Version 17
VisualStudioVersion = 17.8.34322.80
MinimumVisualStudioVersion = 10.0.40219.1
Project("{FAE04EC0-301F-11D3-BF4B-00C04F79EFBC}") = "JegGirOpp", "JegGirOpp\JegGirOpp.csproj", "{62ED4F80-E8F6-408E-A0D7-10A1A22D318B}"
EndProject
Project("{FAE04EC0-301F-11D3-BF4B-00C04F79EFBC}") = "Domain", "Domain\Domain.csproj", "{7A1D1E0C-1D74-4FC3-93E9-7D53A4AF6233}"
EndProject
Project("{FAE04EC0-301F-11D3-BF4B-00C04F79EFBC}") = "DataAccess", "DataAccess\DataAccess.csproj", "{28F1D9B9-F02F-444E-A1B4-E5209499F6D5}"
EndProject
Global
	GlobalSection(SolutionConfigurationPlatforms) = preSolution
		Debug|Any CPU = Debug|Any CPU
		Release|Any CPU = Release|Any CPU
	EndGlobalSection
	GlobalSection(ProjectConfigurationPlatforms) = postSolution
		{62ED4F80-E8F6-408E-A0D7-10A1A22D318B}.Debug|Any CPU.ActiveCfg = Debug|Any CPU
		{62ED4F80-E8F6-408E-A0D7-10A1A22D318B}.Debug|Any CPU.Build.0 = Debug|Any CPU
		{62ED4F80-E8F6-408E-A0D7-10A1A22D318B}.Release|Any CPU.ActiveCfg = Release|Any CPU
		{62ED4F80-E8F6-408E-A0D7-10A1A22D318B}.Release|Any CPU.Build.0 = Release|Any CPU
		{7A1D1E0C-1D74-4FC3-93E9-7D53A4AF6233}.Debug|Any CPU.ActiveCfg = Debug|Any CPU
		{7A1D1E0C-1D74-4FC3-93E9-7D53A4AF6233}.Debug|Any CPU.Build.0 = Debug|Any CPU
		{7A1D1E0C-1D74-4FC3-93E9-7D53A4AF6233}.Release|Any CPU.ActiveCfg = Release|Any CPU
		{7A1D1E0C-1D74-4FC3-93E9-7D53A4AF6233}.Release|Any CPU.Build.0 = Release|Any CPU
		{28F1D9B9-F02F-444E-A1B4-E5209499F6D5}.Debug|Any CPU.ActiveCfg = Debug|Any CPU
		{28F1D9B9-F02F-444E-A1B4-E5209499F6D5}.Debug|Any CPU.Build.0 = Debug|Any CPU
		{28F1D9B9-F02F-444E-A1B4-E5209499F6D5}.Release|Any CPU.ActiveCfg = Release|Any CPU
		{28F1D9B9-F02F-444E-A1B4-E5209499F6D5}.Release|Any CPU.Build.0 = Release|Any CPU
	EndGlobalSection
	GlobalSection(SolutionProperties) = preSolution
		HideSolutionNode = FALSE
	EndGlobalSection
	GlobalSection(ExtensibilityGlobals) = postSolution
		SolutionGuid = {E8FF776F-A8D0-4E7D-BE51-F1985948484A}
	EndGlobalSection
EndGlobal
